
Microsoft Visual Studio Solution File, Format Version 12.00
# Visual Studio Version 17
VisualStudioVersion = 17.14.36414.22 d17.14
MinimumVisualStudioVersion = 10.0.40219.1
Project("{8BC9CEB8-8B4A-11D0-8D11-00A0C91BC942}") = "projekt_01.10.2025", "projekt_01.10.2025.vcxproj", "{61D7230E-6D93-4640-BC55-E56AE6A0107B}"
EndProject
Global
	GlobalSection(SolutionConfigurationPlatforms) = preSolution
		Debug|x64 = Debug|x64
		Debug|x86 = Debug|x86
		Release|x64 = Release|x64
		Release|x86 = Release|x86
	EndGlobalSection
	GlobalSection(ProjectConfigurationPlatforms) = postSolution
		{61D7230E-6D93-4640-BC55-E56AE6A0107B}.Debug|x64.ActiveCfg = Debug|x64
		{61D7230E-6D93-4640-BC55-E56AE6A0107B}.Debug|x64.Build.0 = Debug|x64
		{61D7230E-6D93-4640-BC55-E56AE6A0107B}.Debug|x86.ActiveCfg = Debug|Win32
		{61D7230E-6D93-4640-BC55-E56AE6A0107B}.Debug|x86.Build.0 = Debug|Win32
		{61D7230E-6D93-4640-BC55-E56AE6A0107B}.Release|x64.ActiveCfg = Release|x64
		{61D7230E-6D93-4640-BC55-E56AE6A0107B}.Release|x64.Build.0 = Release|x64
		{61D7230E-6D93-4640-BC55-E56AE6A0107B}.Release|x86.ActiveCfg = Release|Win32
		{61D7230E-6D93-4640-BC55-E56AE6A0107B}.Release|x86.Build.0 = Release|Win32
	EndGlobalSection
	GlobalSection(SolutionProperties) = preSolution
		HideSolutionNode = FALSE
	EndGlobalSection
	GlobalSection(ExtensibilityGlobals) = postSolution
		SolutionGuid = {D3D34606-6746-4E40-BA55-68EC1BA1E8F8}
	EndGlobalSection
EndGlobal
