
Microsoft Visual Studio Solution File, Format Version 12.00
# Visual Studio Version 17
VisualStudioVersion = 17.7.34031.279
MinimumVisualStudioVersion = 10.0.40219.1
Project("{FAE04EC0-301F-11D3-BF4B-00C04F79EFBC}") = "projekt4", "projekt4.csproj", "{8C34B7D0-C9C3-44C1-8EA1-B32AA6CC7652}"
EndProject
Global
	GlobalSection(SolutionConfigurationPlatforms) = preSolution
		Debug|Any CPU = Debug|Any CPU
		Release|Any CPU = Release|Any CPU
	EndGlobalSection
	GlobalSection(ProjectConfigurationPlatforms) = postSolution
		{8C34B7D0-C9C3-44C1-8EA1-B32AA6CC7652}.Debug|Any CPU.ActiveCfg = Debug|Any CPU
		{8C34B7D0-C9C3-44C1-8EA1-B32AA6CC7652}.Debug|Any CPU.Build.0 = Debug|Any CPU
		{8C34B7D0-C9C3-44C1-8EA1-B32AA6CC7652}.Release|Any CPU.ActiveCfg = Release|Any CPU
		{8C34B7D0-C9C3-44C1-8EA1-B32AA6CC7652}.Release|Any CPU.Build.0 = Release|Any CPU
	EndGlobalSection
	GlobalSection(SolutionProperties) = preSolution
		HideSolutionNode = FALSE
	EndGlobalSection
	GlobalSection(ExtensibilityGlobals) = postSolution
		SolutionGuid = {EB1F8482-AC20-4CDE-B055-15AE088786FD}
	EndGlobalSection
EndGlobal
