
Microsoft Visual Studio Solution File, Format Version 12.00
# Visual Studio Version 17
VisualStudioVersion = 17.9.34728.123
MinimumVisualStudioVersion = 10.0.40219.1
Project("{FAE04EC0-301F-11D3-BF4B-00C04F79EFBC}") = "ConsoleApp1", "ConsoleApp1.csproj", "{2871D58A-4199-4276-8A42-02F9BB578750}"
EndProject
Global
	GlobalSection(SolutionConfigurationPlatforms) = preSolution
		Debug|Any CPU = Debug|Any CPU
		Release|Any CPU = Release|Any CPU
	EndGlobalSection
	GlobalSection(ProjectConfigurationPlatforms) = postSolution
		{2871D58A-4199-4276-8A42-02F9BB578750}.Debug|Any CPU.ActiveCfg = Debug|Any CPU
		{2871D58A-4199-4276-8A42-02F9BB578750}.Debug|Any CPU.Build.0 = Debug|Any CPU
		{2871D58A-4199-4276-8A42-02F9BB578750}.Release|Any CPU.ActiveCfg = Release|Any CPU
		{2871D58A-4199-4276-8A42-02F9BB578750}.Release|Any CPU.Build.0 = Release|Any CPU
	EndGlobalSection
	GlobalSection(SolutionProperties) = preSolution
		HideSolutionNode = FALSE
	EndGlobalSection
	GlobalSection(ExtensibilityGlobals) = postSolution
		SolutionGuid = {47DBAE36-99E4-446E-8E36-470688A9416F}
	EndGlobalSection
EndGlobal
